
Microsoft Visual Studio Solution File, Format Version 12.00
# Visual Studio Version 16
VisualStudioVersion = 16.0.31624.102
MinimumVisualStudioVersion = 10.0.40219.1
Project("{FAE04EC0-301F-11D3-BF4B-00C04F79EFBC}") = "SendMail", "SendMail.csproj", "{8163EF54-811A-4618-9A0C-6B80187AEBD5}"
EndProject
Global
	GlobalSection(SolutionConfigurationPlatforms) = preSolution
		Debug|Any CPU = Debug|Any CPU
		Release|Any CPU = Release|Any CPU
	EndGlobalSection
	GlobalSection(ProjectConfigurationPlatforms) = postSolution
		{8163EF54-811A-4618-9A0C-6B80187AEBD5}.Debug|Any CPU.ActiveCfg = Debug|Any CPU
		{8163EF54-811A-4618-9A0C-6B80187AEBD5}.Debug|Any CPU.Build.0 = Debug|Any CPU
		{8163EF54-811A-4618-9A0C-6B80187AEBD5}.Release|Any CPU.ActiveCfg = Release|Any CPU
		{8163EF54-811A-4618-9A0C-6B80187AEBD5}.Release|Any CPU.Build.0 = Release|Any CPU
	EndGlobalSection
	GlobalSection(SolutionProperties) = preSolution
		HideSolutionNode = FALSE
	EndGlobalSection
	GlobalSection(ExtensibilityGlobals) = postSolution
		SolutionGuid = {134613AA-87CE-4EF1-8C06-501C655EB99C}
	EndGlobalSection
EndGlobal
